
Microsoft Visual Studio Solution File, Format Version 12.00
Project("{2150E333-8FDC-42A3-9474-1A3956D46DE8}") = "src", "src", "{7F8705C7-7D6D-41A0-AC2D-B1658284551A}"
EndProject
Project("{2150E333-8FDC-42A3-9474-1A3956D46DE8}") = "test", "test", "{FE169E13-F4D1-48C4-98B1-0F624E92CC7A}"
EndProject
Project("{2150E333-8FDC-42A3-9474-1A3956D46DE8}") = "API", "API", "{7FDF2C75-1FB8-4AF2-8F27-4EEAC78731A0}"
EndProject
Project("{2150E333-8FDC-42A3-9474-1A3956D46DE8}") = "Infrastructure", "Infrastructure", "{22E2BA86-EFA5-441C-9D15-DB18FDB0CB12}"
EndProject
Project("{2150E333-8FDC-42A3-9474-1A3956D46DE8}") = "Core", "Core", "{EFE04706-DFD7-400F-B08B-210E81E6E3A4}"
EndProject
Project("{FAE04EC0-301F-11D3-BF4B-00C04F79EFBC}") = "BlogCleanArch.Domain", "BlogCleanArch.Domain\BlogCleanArch.Domain.csproj", "{0EA154A3-301A-42A7-B7E7-6BB80774F055}"
EndProject
Project("{FAE04EC0-301F-11D3-BF4B-00C04F79EFBC}") = "BlogCleanArch.Application", "BlogCleanArch.Application\BlogCleanArch.Application.csproj", "{91F0B31A-BF1B-42BD-B661-C4F09535947E}"
EndProject
Project("{FAE04EC0-301F-11D3-BF4B-00C04F79EFBC}") = "BlogCleanArch.Infrastructure", "BlogCleanArch.Infrastructure\BlogCleanArch.Infrastructure.csproj", "{C46BEDC5-E2EC-435A-8DFB-225B9A84A061}"
EndProject
Project("{FAE04EC0-301F-11D3-BF4B-00C04F79EFBC}") = "BlogCleanArch.Persistence", "BlogCleanArch.Persistence\BlogCleanArch.Persistence.csproj", "{550E3E93-7CB0-4595-9DE2-1165130989D1}"
EndProject
Project("{FAE04EC0-301F-11D3-BF4B-00C04F79EFBC}") = "BlogCleanArch.Api", "BlogCleanArch.Api\BlogCleanArch.Api.csproj", "{922B4B0E-AAAA-4A3F-8246-E3A39A299D80}"
EndProject
Project("{FAE04EC0-301F-11D3-BF4B-00C04F79EFBC}") = "BlogCleanArch.Application.UnitTests", "BlogCleanArch.Application.UnitTests\BlogCleanArch.Application.UnitTests.csproj", "{DA8315CF-B68A-4F50-9FD1-A9D34D8DE432}"
EndProject
Global
	GlobalSection(SolutionConfigurationPlatforms) = preSolution
		Debug|Any CPU = Debug|Any CPU
		Release|Any CPU = Release|Any CPU
	EndGlobalSection
	GlobalSection(NestedProjects) = preSolution
		{7FDF2C75-1FB8-4AF2-8F27-4EEAC78731A0} = {7F8705C7-7D6D-41A0-AC2D-B1658284551A}
		{22E2BA86-EFA5-441C-9D15-DB18FDB0CB12} = {7F8705C7-7D6D-41A0-AC2D-B1658284551A}
		{EFE04706-DFD7-400F-B08B-210E81E6E3A4} = {7F8705C7-7D6D-41A0-AC2D-B1658284551A}
		{0EA154A3-301A-42A7-B7E7-6BB80774F055} = {EFE04706-DFD7-400F-B08B-210E81E6E3A4}
		{91F0B31A-BF1B-42BD-B661-C4F09535947E} = {EFE04706-DFD7-400F-B08B-210E81E6E3A4}
		{C46BEDC5-E2EC-435A-8DFB-225B9A84A061} = {22E2BA86-EFA5-441C-9D15-DB18FDB0CB12}
		{550E3E93-7CB0-4595-9DE2-1165130989D1} = {22E2BA86-EFA5-441C-9D15-DB18FDB0CB12}
		{922B4B0E-AAAA-4A3F-8246-E3A39A299D80} = {7FDF2C75-1FB8-4AF2-8F27-4EEAC78731A0}
		{DA8315CF-B68A-4F50-9FD1-A9D34D8DE432} = {FE169E13-F4D1-48C4-98B1-0F624E92CC7A}
	EndGlobalSection
	GlobalSection(ProjectConfigurationPlatforms) = postSolution
		{0EA154A3-301A-42A7-B7E7-6BB80774F055}.Debug|Any CPU.ActiveCfg = Debug|Any CPU
		{0EA154A3-301A-42A7-B7E7-6BB80774F055}.Debug|Any CPU.Build.0 = Debug|Any CPU
		{0EA154A3-301A-42A7-B7E7-6BB80774F055}.Release|Any CPU.ActiveCfg = Release|Any CPU
		{0EA154A3-301A-42A7-B7E7-6BB80774F055}.Release|Any CPU.Build.0 = Release|Any CPU
		{91F0B31A-BF1B-42BD-B661-C4F09535947E}.Debug|Any CPU.ActiveCfg = Debug|Any CPU
		{91F0B31A-BF1B-42BD-B661-C4F09535947E}.Debug|Any CPU.Build.0 = Debug|Any CPU
		{91F0B31A-BF1B-42BD-B661-C4F09535947E}.Release|Any CPU.ActiveCfg = Release|Any CPU
		{91F0B31A-BF1B-42BD-B661-C4F09535947E}.Release|Any CPU.Build.0 = Release|Any CPU
		{C46BEDC5-E2EC-435A-8DFB-225B9A84A061}.Debug|Any CPU.ActiveCfg = Debug|Any CPU
		{C46BEDC5-E2EC-435A-8DFB-225B9A84A061}.Debug|Any CPU.Build.0 = Debug|Any CPU
		{C46BEDC5-E2EC-435A-8DFB-225B9A84A061}.Release|Any CPU.ActiveCfg = Release|Any CPU
		{C46BEDC5-E2EC-435A-8DFB-225B9A84A061}.Release|Any CPU.Build.0 = Release|Any CPU
		{550E3E93-7CB0-4595-9DE2-1165130989D1}.Debug|Any CPU.ActiveCfg = Debug|Any CPU
		{550E3E93-7CB0-4595-9DE2-1165130989D1}.Debug|Any CPU.Build.0 = Debug|Any CPU
		{550E3E93-7CB0-4595-9DE2-1165130989D1}.Release|Any CPU.ActiveCfg = Release|Any CPU
		{550E3E93-7CB0-4595-9DE2-1165130989D1}.Release|Any CPU.Build.0 = Release|Any CPU
		{922B4B0E-AAAA-4A3F-8246-E3A39A299D80}.Debug|Any CPU.ActiveCfg = Debug|Any CPU
		{922B4B0E-AAAA-4A3F-8246-E3A39A299D80}.Debug|Any CPU.Build.0 = Debug|Any CPU
		{922B4B0E-AAAA-4A3F-8246-E3A39A299D80}.Release|Any CPU.ActiveCfg = Release|Any CPU
		{922B4B0E-AAAA-4A3F-8246-E3A39A299D80}.Release|Any CPU.Build.0 = Release|Any CPU
		{DA8315CF-B68A-4F50-9FD1-A9D34D8DE432}.Debug|Any CPU.ActiveCfg = Debug|Any CPU
		{DA8315CF-B68A-4F50-9FD1-A9D34D8DE432}.Debug|Any CPU.Build.0 = Debug|Any CPU
		{DA8315CF-B68A-4F50-9FD1-A9D34D8DE432}.Release|Any CPU.ActiveCfg = Release|Any CPU
		{DA8315CF-B68A-4F50-9FD1-A9D34D8DE432}.Release|Any CPU.Build.0 = Release|Any CPU
	EndGlobalSection
EndGlobal
